{
  "version": 4,
  "terraform_version": "1.12.2",
  "serial": 2,
  "lineage": "51e011b0-4ee2-db10-98b9-56a2cfcfc9bb",
  "outputs": {
    "hosted_zone_id": {
      "value": "Z032277323LPHBYRCPISO",
      "type": "string"
    }
  },
  "resources": [
    {
      "mode": "managed",
      "type": "aws_route53_zone",
      "name": "chessu",
      "provider": "provider[\"registry.terraform.io/hashicorp/aws\"]",
      "instances": [
        {
          "schema_version": 0,
          "attributes": {
            "arn": "arn:aws:route53:::hostedzone/Z032277323LPHBYRCPISO",
            "comment": "",
            "delegation_set_id": "",
            "force_destroy": null,
            "id": "Z032277323LPHBYRCPISO",
            "name": "chessu.pp.ua",
            "name_servers": [
              "ns-1533.awsdns-63.org",
              "ns-1772.awsdns-29.co.uk",
              "ns-454.awsdns-56.com",
              "ns-848.awsdns-42.net"
            ],
            "primary_name_server": "ns-1533.awsdns-63.org",
            "tags": {},
            "tags_all": {},
            "timeouts": null,
            "vpc": [],
            "zone_id": "Z032277323LPHBYRCPISO"
          },
          "sensitive_attributes": [],
          "identity_schema_version": 0,
          "private": "eyJlMmJmYjczMC1lY2FhLTExZTYtOGY4OC0zNDM2M2JjN2M0YzAiOnsiY3JlYXRlIjoxODAwMDAwMDAwMDAwLCJkZWxldGUiOjE4MDAwMDAwMDAwMDAsInVwZGF0ZSI6MTgwMDAwMDAwMDAwMH0sInNjaGVtYV92ZXJzaW9uIjoiMCJ9"
        }
      ]
    }
  ],
  "check_results": null
}
